
Microsoft Visual Studio Solution File, Format Version 12.00
# Visual Studio Version 16
VisualStudioVersion = 16.0.31410.357
MinimumVisualStudioVersion = 10.0.40219.1
Project("{8BC9CEB8-8B4A-11D0-8D11-00A0C91BC942}") = "X1nput", "X1nput\XInput.vcxproj", "{C565022D-170F-427F-B2D9-D591D15562EA}"
EndProject
Project("{FAE04EC0-301F-11D3-BF4B-00C04F79EFBC}") = "X1nputConfigurator", "X1nputConfigurator\X1nputConfigurator.csproj", "{107F9C77-D654-43C3-90E8-3BC90574913D}"
	ProjectSection(ProjectDependencies) = postProject
		{C565022D-170F-427F-B2D9-D591D15562EA} = {C565022D-170F-427F-B2D9-D591D15562EA}
	EndProjectSection
EndProject
Global
	GlobalSection(SolutionConfigurationPlatforms) = preSolution
		Debug|Any CPU = Debug|Any CPU
		Debug|x86 = Debug|x86
		Release|Any CPU = Release|Any CPU
		Release|x86 = Release|x86
	EndGlobalSection
	GlobalSection(ProjectConfigurationPlatforms) = postSolution
		{C565022D-170F-427F-B2D9-D591D15562EA}.Debug|Any CPU.ActiveCfg = Debug|Win32
		{C565022D-170F-427F-B2D9-D591D15562EA}.Debug|Any CPU.Build.0 = Debug|Win32
		{C565022D-170F-427F-B2D9-D591D15562EA}.Debug|x86.ActiveCfg = Debug|Win32
		{C565022D-170F-427F-B2D9-D591D15562EA}.Debug|x86.Build.0 = Debug|Win32
		{C565022D-170F-427F-B2D9-D591D15562EA}.Release|Any CPU.ActiveCfg = Release|x64
		{C565022D-170F-427F-B2D9-D591D15562EA}.Release|Any CPU.Build.0 = Release|x64
		{C565022D-170F-427F-B2D9-D591D15562EA}.Release|x86.ActiveCfg = Release|Win32
		{C565022D-170F-427F-B2D9-D591D15562EA}.Release|x86.Build.0 = Release|Win32
		{107F9C77-D654-43C3-90E8-3BC90574913D}.Debug|Any CPU.ActiveCfg = Debug|Any CPU
		{107F9C77-D654-43C3-90E8-3BC90574913D}.Debug|Any CPU.Build.0 = Debug|Any CPU
		{107F9C77-D654-43C3-90E8-3BC90574913D}.Debug|x86.ActiveCfg = Debug|x86
		{107F9C77-D654-43C3-90E8-3BC90574913D}.Debug|x86.Build.0 = Debug|x86
		{107F9C77-D654-43C3-90E8-3BC90574913D}.Release|Any CPU.ActiveCfg = Release|Any CPU
		{107F9C77-D654-43C3-90E8-3BC90574913D}.Release|Any CPU.Build.0 = Release|Any CPU
		{107F9C77-D654-43C3-90E8-3BC90574913D}.Release|x86.ActiveCfg = Release|x86
		{107F9C77-D654-43C3-90E8-3BC90574913D}.Release|x86.Build.0 = Release|x86
	EndGlobalSection
	GlobalSection(SolutionProperties) = preSolution
		HideSolutionNode = FALSE
	EndGlobalSection
	GlobalSection(ExtensibilityGlobals) = postSolution
		SolutionGuid = {D3D39BE6-F6F3-4754-B735-9E32BD98ACDC}
	EndGlobalSection
EndGlobal
