
Microsoft Visual Studio Solution File, Format Version 12.00
# Visual Studio 15
VisualStudioVersion = 15.0.28307.168
MinimumVisualStudioVersion = 10.0.40219.1
Project("{8BC9CEB8-8B4A-11D0-8D11-00A0C91BC942}") = "XInput1_3", "X1nput\XInput.vcxproj", "{C565022D-170F-427F-B2D9-D591D15562EA}"
EndProject
Global
	GlobalSection(SolutionConfigurationPlatforms) = preSolution
		Debug|x64 = Debug|x64
		Debug|x86 = Debug|x86
		Release|x64 = Release|x64
		Release|x86 = Release|x86
	EndGlobalSection
	GlobalSection(ProjectConfigurationPlatforms) = postSolution
		{C565022D-170F-427F-B2D9-D591D15562EA}.Debug|x64.ActiveCfg = Debug|x64
		{C565022D-170F-427F-B2D9-D591D15562EA}.Debug|x64.Build.0 = Debug|x64
		{C565022D-170F-427F-B2D9-D591D15562EA}.Debug|x86.ActiveCfg = Debug|Win32
		{C565022D-170F-427F-B2D9-D591D15562EA}.Debug|x86.Build.0 = Debug|Win32
		{C565022D-170F-427F-B2D9-D591D15562EA}.Release|x64.ActiveCfg = Release|x64
		{C565022D-170F-427F-B2D9-D591D15562EA}.Release|x64.Build.0 = Release|x64
		{C565022D-170F-427F-B2D9-D591D15562EA}.Release|x86.ActiveCfg = Release|Win32
		{C565022D-170F-427F-B2D9-D591D15562EA}.Release|x86.Build.0 = Release|Win32
	EndGlobalSection
	GlobalSection(SolutionProperties) = preSolution
		HideSolutionNode = FALSE
	EndGlobalSection
	GlobalSection(ExtensibilityGlobals) = postSolution
		SolutionGuid = {D3D39BE6-F6F3-4754-B735-9E32BD98ACDC}
	EndGlobalSection
EndGlobal
